{
  "name": "boks-pi-extensions",
  "lockfileVersion": 3,
  "requires": true,
  "packages": {
    "": {
      "name": "boks-pi-extensions",
      "dependencies": {
        "@juicesharp/rpiv-ask-user-question": "2.12.0",
        "@juicesharp/rpiv-todo": "2.12.0",
        "@juicesharp/rpiv-web-tools": "2.12.0",
        "@narumitw/pi-plan-mode": "0.59.2",
        "pi-background-tasks": "2.6.9",
        "pi-subagents": "0.76.1"
      }
    },
    "node_modules/@js-temporal/polyfill": {
      "version": "0.5.1",
      "resolved": "https://registry.npmjs.org/@js-temporal/polyfill/-/polyfill-0.5.1.tgz",
      "integrity": "sha512-hloP58zRVCRSpgDxmqCWJNlizAlUgJFqG2ypq79DCvyv9tHjRYMDOcPFjzfl/A1/YxDvRCZz8wvZvmapQnKwFQ==",
      "license": "ISC",
      "dependencies": {
        "jsbi": "^4.3.0"
      },
      "engines": {
        "node": ">=12"
      }
    },
    "node_modules/@juicesharp/rpiv-ask-user-question": {
      "version": "2.12.0",
      "resolved": "https://registry.npmjs.org/@juicesharp/rpiv-ask-user-question/-/rpiv-ask-user-question-2.12.0.tgz",
      "integrity": "sha512-DilWc7u25SwnK6ytuAWOTerP0AmOEfK4HXpgS1oEzkgv9d5g5T+PbLG+zcLn18M3B/J3poMG14iydG5O6iBsnw==",
      "license": "MIT",
      "dependencies": {
        "@juicesharp/rpiv-config": "^2.12.0"
      },
      "peerDependencies": {
        "@earendil-works/pi-coding-agent": "*",
        "@earendil-works/pi-tui": "*",
        "@juicesharp/rpiv-i18n": "*",
        "typebox": "*"
      },
      "peerDependenciesMeta": {
        "@juicesharp/rpiv-i18n": {
          "optional": true
        }
      }
    },
    "node_modules/@juicesharp/rpiv-config": {
      "version": "2.12.0",
      "resolved": "https://registry.npmjs.org/@juicesharp/rpiv-config/-/rpiv-config-2.12.0.tgz",
      "integrity": "sha512-eGjoCDCKz2JtKIUIpZ2y8CAVjxZYXCKa2D64ByozhkAWVblXsgyFLrQMk5k5Bv5RXRrA3GY66XNG5ExtEuGASA==",
      "license": "MIT",
      "peerDependencies": {
        "typebox": "*"
      }
    },
    "node_modules/@juicesharp/rpiv-todo": {
      "version": "2.12.0",
      "resolved": "https://registry.npmjs.org/@juicesharp/rpiv-todo/-/rpiv-todo-2.12.0.tgz",
      "integrity": "sha512-bTILerGqMGrWMUkahHzXTuYa4iPkRX/LTl12HPppcCdPg7pGwrC1K7/ZtPfp7Xi4cXzqEoyZpeUM6IA8y5gtEQ==",
      "license": "MIT",
      "dependencies": {
        "@juicesharp/rpiv-config": "^2.12.0"
      },
      "peerDependencies": {
        "@earendil-works/pi-ai": "*",
        "@earendil-works/pi-coding-agent": "*",
        "@earendil-works/pi-tui": "*",
        "@juicesharp/rpiv-i18n": "*",
        "typebox": "*"
      },
      "peerDependenciesMeta": {
        "@juicesharp/rpiv-i18n": {
          "optional": true
        }
      }
    },
    "node_modules/@juicesharp/rpiv-web-tools": {
      "version": "2.12.0",
      "resolved": "https://registry.npmjs.org/@juicesharp/rpiv-web-tools/-/rpiv-web-tools-2.12.0.tgz",
      "integrity": "sha512-AtQi6Lq0MbsG4u+xUtJlw1gB2enpl+u6XZYRqj6qTJ7ujnrEbPMuUGh6hAr1N72V7IiZh11OPl9t9ozB+i3wqQ==",
      "license": "MIT",
      "dependencies": {
        "@juicesharp/rpiv-config": "^2.12.0"
      },
      "peerDependencies": {
        "@earendil-works/pi-coding-agent": "*",
        "@earendil-works/pi-tui": "*",
        "typebox": "*"
      }
    },
    "node_modules/@mixmark-io/domino": {
      "version": "2.2.0",
      "resolved": "https://registry.npmjs.org/@mixmark-io/domino/-/domino-2.2.0.tgz",
      "integrity": "sha512-Y28PR25bHXUg88kCV7nivXrP2Nj2RueZ3/l/jdx6J9f8J4nsEGcgX0Qe6lt7Pa+J79+kPiJU3LguR6O/6zrLOw==",
      "license": "BSD-2-Clause"
    },
    "node_modules/@narumitw/pi-plan-mode": {
      "version": "0.59.2",
      "resolved": "https://registry.npmjs.org/@narumitw/pi-plan-mode/-/pi-plan-mode-0.59.2.tgz",
      "integrity": "sha512-M91Q8doVHnpXziOnoYV9npEmGghQ0rzAPIGrqwR7SP7L2z6ydGH7Xh3nEoowbZ8DqNCKAluptfQvhHAirtkTyw==",
      "license": "MIT",
      "dependencies": {
        "@narumitw/pi-tui-kit": "^0.65.2"
      },
      "peerDependencies": {
        "@earendil-works/pi-coding-agent": "*",
        "@earendil-works/pi-tui": "*"
      }
    },
    "node_modules/@narumitw/pi-tui-kit": {
      "version": "0.65.3",
      "resolved": "https://registry.npmjs.org/@narumitw/pi-tui-kit/-/pi-tui-kit-0.65.3.tgz",
      "integrity": "sha512-0kx0ZSHHyHOI4jLCd8GBuXlwrycuTZ1DWz5zmLshz6ol7xf8SxkI9lNoNvPs73VU+NL+ARN/YkOwlyFeL78gFA==",
      "license": "MIT",
      "dependencies": {
        "diff": "9.0.0",
        "grok-mermaid": "0.2.3",
        "highlight.js": "11.12.0"
      },
      "peerDependencies": {
        "@earendil-works/pi-coding-agent": "*",
        "@earendil-works/pi-tui": "*"
      }
    },
    "node_modules/acorn": {
      "version": "8.18.0",
      "resolved": "https://registry.npmjs.org/acorn/-/acorn-8.18.0.tgz",
      "integrity": "sha512-lGq+9yr1/GuAWaVYIHRjvvySG5/4VfKIvC8EWxStPdcDh/Ka7FG3twP6v4d5BkravUilhIAsG4Qj83t02LWUPQ==",
      "license": "MIT",
      "bin": {
        "acorn": "bin/acorn"
      },
      "engines": {
        "node": ">=0.4.0"
      }
    },
    "node_modules/diff": {
      "version": "9.0.0",
      "resolved": "https://registry.npmjs.org/diff/-/diff-9.0.0.tgz",
      "integrity": "sha512-svtcdpS8CgJyqAjEQIXdb3OjhFVVYjzGAPO8WGCmRbrml64SPw/jJD4GoE98aR7r25A0XcgrK3F02yw9R/vhQw==",
      "license": "BSD-3-Clause",
      "engines": {
        "node": ">=0.3.1"
      }
    },
    "node_modules/grok-mermaid": {
      "version": "0.2.3",
      "resolved": "https://registry.npmjs.org/grok-mermaid/-/grok-mermaid-0.2.3.tgz",
      "integrity": "sha512-/4KopAbsjvuRP9MdPtlDjOHUmUVEohOX73JNcsWpzAtFxh+bq5+Dhb6gzvRieLDwIPQIR3/vy8V1NNTuz4Zsmg==",
      "license": "Apache-2.0",
      "engines": {
        "node": ">=18"
      }
    },
    "node_modules/highlight.js": {
      "version": "11.12.0",
      "resolved": "https://registry.npmjs.org/highlight.js/-/highlight.js-11.12.0.tgz",
      "integrity": "sha512-nbfWpyRMcMrPMmDwJB+dhX/eiaPKtc2RB+0QZskqJ3WjRA/FDS0e9hZrx8EC/lbEv8gXy98FcDbNa/dspAaJMg==",
      "license": "BSD-3-Clause",
      "engines": {
        "node": ">=12.0.0"
      }
    },
    "node_modules/jiti": {
      "version": "2.7.0",
      "resolved": "https://registry.npmjs.org/jiti/-/jiti-2.7.0.tgz",
      "integrity": "sha512-AC/7JofJvZGrrneWNaEnJeOLUx+JlGt7tNa0wZiRPT4MY1wmfKjt2+6O2p2uz2+skll8OZZmJMNqeke7kKbNgQ==",
      "license": "MIT",
      "bin": {
        "jiti": "lib/jiti-cli.mjs"
      }
    },
    "node_modules/jsbi": {
      "version": "4.3.2",
      "resolved": "https://registry.npmjs.org/jsbi/-/jsbi-4.3.2.tgz",
      "integrity": "sha512-9fqMSQbhJykSeii05nxKl4m6Eqn2P6rOlYiS+C5Dr/HPIU/7yZxu5qzbs40tgaFORiw2Amd0mirjxatXYMkIew==",
      "license": "Apache-2.0"
    },
    "node_modules/pi-background-tasks": {
      "version": "2.6.9",
      "resolved": "https://registry.npmjs.org/pi-background-tasks/-/pi-background-tasks-2.6.9.tgz",
      "integrity": "sha512-5dma6xvO7jeAimRaCNCzfe5y+b4bVBYPxnJ/0RnGS+mj6B6SzgA4FcORKuAtZaoGvC29dlyof3NtX7/QD4Ywew==",
      "license": "ISC",
      "dependencies": {
        "turndown": "7.2.4"
      },
      "engines": {
        "node": ">=22.19.0"
      },
      "peerDependencies": {
        "@earendil-works/pi-ai": "*",
        "@earendil-works/pi-coding-agent": "^0.81.1 || ^0.82.1 || ^0.83.0 || ^0.84.0",
        "@earendil-works/pi-tui": "^0.81.1 || ^0.82.1 || ^0.83.0 || ^0.84.0",
        "typebox": "*"
      }
    },
    "node_modules/pi-subagents": {
      "version": "0.76.1",
      "resolved": "https://registry.npmjs.org/pi-subagents/-/pi-subagents-0.76.1.tgz",
      "integrity": "sha512-DTHVUUyLx5KfwikpSQF4sWIKaazbxanAoKd8v4ZGt9OqLM2xNQ79BrPHjaqOARipoUb0kZIKyEYwTPItPqYq1g==",
      "license": "MIT",
      "dependencies": {
        "@js-temporal/polyfill": "0.5.1",
        "acorn": "8.18.0",
        "jiti": "2.7.0",
        "undici": "8.10.2",
        "yaml": "2.8.3"
      },
      "bin": {
        "pi-subagents": "install.mjs"
      },
      "peerDependencies": {
        "@earendil-works/pi-agent-core": "*",
        "@earendil-works/pi-ai": ">=0.86.1",
        "@earendil-works/pi-coding-agent": "*",
        "@earendil-works/pi-tui": "*",
        "typebox": "*"
      },
      "peerDependenciesMeta": {
        "@earendil-works/pi-agent-core": {
          "optional": true
        },
        "@earendil-works/pi-ai": {
          "optional": true
        },
        "@earendil-works/pi-coding-agent": {
          "optional": true
        },
        "@earendil-works/pi-tui": {
          "optional": true
        },
        "typebox": {
          "optional": true
        }
      }
    },
    "node_modules/turndown": {
      "version": "7.2.4",
      "resolved": "https://registry.npmjs.org/turndown/-/turndown-7.2.4.tgz",
      "integrity": "sha512-I8yFsfRzmzK0WV1pNNOA4A7y4RDfFxPRxb3t+e3ui14qSGOxGtiSP6GjeX+Y6CHb7HYaFj7ECUD7VE5kQMZWGQ==",
      "license": "MIT",
      "dependencies": {
        "@mixmark-io/domino": "^2.2.0"
      },
      "engines": {
        "node": ">=18",
        "npm": ">=9"
      }
    },
    "node_modules/undici": {
      "version": "8.10.2",
      "resolved": "https://registry.npmjs.org/undici/-/undici-8.10.2.tgz",
      "integrity": "sha512-/y4/bH9YNU5hi9NIrpOuvGXFcxrj3CMrV+/AYpowAYTpHn8gX/XPFjNy766FPoYY0miQhdW977JFWKGNhBdwyQ==",
      "license": "MIT",
      "engines": {
        "node": ">=22.19.0"
      }
    },
    "node_modules/yaml": {
      "version": "2.8.3",
      "resolved": "https://registry.npmjs.org/yaml/-/yaml-2.8.3.tgz",
      "integrity": "sha512-AvbaCLOO2Otw/lW5bmh9d/WEdcDFdQp2Z2ZUH3pX9U2ihyUY0nvLv7J6TrWowklRGPYbB/IuIMfYgxaCPg5Bpg==",
      "license": "ISC",
      "bin": {
        "yaml": "bin.mjs"
      },
      "engines": {
        "node": ">= 14.6"
      },
      "funding": {
        "url": "https://github.com/sponsors/eemeli"
      }
    }
  }
}
